
Microsoft Visual Studio Solution File, Format Version 12.00
Project("{FAE04EC0-301F-11D3-BF4B-00C04F79EFBC}") = "TruthInTheFlip", "TruthInTheFlip\TruthInTheFlip.csproj", "{F2BCA929-F388-456F-87DA-A80BEBD164EC}"
EndProject
Project("{FAE04EC0-301F-11D3-BF4B-00C04F79EFBC}") = "TruthInTheFlip.Format", "TruthInTheFlip.Format\TruthInTheFlip.Format.csproj", "{4636C577-9261-4286-9B47-100D869E339B}"
EndProject
Project("{FAE04EC0-301F-11D3-BF4B-00C04F79EFBC}") = "TruthInTheFlip_sample_csv", "TruthInTheFlip_sample_csv\TruthInTheFlip_sample_csv.csproj", "{B4E9BB58-F594-4D52-AF04-D3B117147F8F}"
EndProject
Project("{FAE04EC0-301F-11D3-BF4B-00C04F79EFBC}") = "TruthInTheFlip_sample_report", "TruthInTheFlip_sample_report\TruthInTheFlip_sample_report.csproj", "{918708DE-D434-4F15-96BD-AE140D66EF46}"
EndProject
Project("{FAE04EC0-301F-11D3-BF4B-00C04F79EFBC}") = "TruthInTheFlip_sample_report2", "TruthInTheFlip_sample_report2\TruthInTheFlip_sample_report2.csproj", "{5B04B7BE-B8A5-4924-8CCB-6C89C2C86554}"
EndProject
Project("{FAE04EC0-301F-11D3-BF4B-00C04F79EFBC}") = "TruthInTheFlip_sample_report3", "TruthInTheFlip_sample_report3\TruthInTheFlip_sample_report3.csproj", "{F9D0A6D4-36C8-4716-9447-132A40F7F998}"
EndProject
Global
	GlobalSection(SolutionConfigurationPlatforms) = preSolution
		Debug|Any CPU = Debug|Any CPU
		Release|Any CPU = Release|Any CPU
	EndGlobalSection
	GlobalSection(ProjectConfigurationPlatforms) = postSolution
		{F2BCA929-F388-456F-87DA-A80BEBD164EC}.Debug|Any CPU.ActiveCfg = Debug|Any CPU
		{F2BCA929-F388-456F-87DA-A80BEBD164EC}.Debug|Any CPU.Build.0 = Debug|Any CPU
		{F2BCA929-F388-456F-87DA-A80BEBD164EC}.Release|Any CPU.ActiveCfg = Release|Any CPU
		{F2BCA929-F388-456F-87DA-A80BEBD164EC}.Release|Any CPU.Build.0 = Release|Any CPU
		{4636C577-9261-4286-9B47-100D869E339B}.Debug|Any CPU.ActiveCfg = Debug|Any CPU
		{4636C577-9261-4286-9B47-100D869E339B}.Debug|Any CPU.Build.0 = Debug|Any CPU
		{4636C577-9261-4286-9B47-100D869E339B}.Release|Any CPU.ActiveCfg = Release|Any CPU
		{4636C577-9261-4286-9B47-100D869E339B}.Release|Any CPU.Build.0 = Release|Any CPU
		{B4E9BB58-F594-4D52-AF04-D3B117147F8F}.Debug|Any CPU.ActiveCfg = Debug|Any CPU
		{B4E9BB58-F594-4D52-AF04-D3B117147F8F}.Debug|Any CPU.Build.0 = Debug|Any CPU
		{B4E9BB58-F594-4D52-AF04-D3B117147F8F}.Release|Any CPU.ActiveCfg = Release|Any CPU
		{B4E9BB58-F594-4D52-AF04-D3B117147F8F}.Release|Any CPU.Build.0 = Release|Any CPU
		{918708DE-D434-4F15-96BD-AE140D66EF46}.Debug|Any CPU.ActiveCfg = Debug|Any CPU
		{918708DE-D434-4F15-96BD-AE140D66EF46}.Debug|Any CPU.Build.0 = Debug|Any CPU
		{918708DE-D434-4F15-96BD-AE140D66EF46}.Release|Any CPU.ActiveCfg = Release|Any CPU
		{918708DE-D434-4F15-96BD-AE140D66EF46}.Release|Any CPU.Build.0 = Release|Any CPU
		{5B04B7BE-B8A5-4924-8CCB-6C89C2C86554}.Debug|Any CPU.ActiveCfg = Debug|Any CPU
		{5B04B7BE-B8A5-4924-8CCB-6C89C2C86554}.Debug|Any CPU.Build.0 = Debug|Any CPU
		{5B04B7BE-B8A5-4924-8CCB-6C89C2C86554}.Release|Any CPU.ActiveCfg = Release|Any CPU
		{5B04B7BE-B8A5-4924-8CCB-6C89C2C86554}.Release|Any CPU.Build.0 = Release|Any CPU
		{F9D0A6D4-36C8-4716-9447-132A40F7F998}.Debug|Any CPU.ActiveCfg = Debug|Any CPU
		{F9D0A6D4-36C8-4716-9447-132A40F7F998}.Debug|Any CPU.Build.0 = Debug|Any CPU
		{F9D0A6D4-36C8-4716-9447-132A40F7F998}.Release|Any CPU.ActiveCfg = Release|Any CPU
		{F9D0A6D4-36C8-4716-9447-132A40F7F998}.Release|Any CPU.Build.0 = Release|Any CPU
	EndGlobalSection
EndGlobal
