
Microsoft Visual Studio Solution File, Format Version 12.00
Project("{FAE04EC0-301F-11D3-BF4B-00C04F79EFBC}") = "TruthInTheFlip", "TruthInTheFlip\TruthInTheFlip.csproj", "{F2BCA929-F388-456F-87DA-A80BEBD164EC}"
EndProject
Project("{FAE04EC0-301F-11D3-BF4B-00C04F79EFBC}") = "TruthInTheFlip.Format", "TruthInTheFlip.Format\TruthInTheFlip.Format.csproj", "{4636C577-9261-4286-9B47-100D869E339B}"
EndProject
Project("{FAE04EC0-301F-11D3-BF4B-00C04F79EFBC}") = "TruthInTheFlip_sample_csv", "TruthInTheFlip_sample_csv\TruthInTheFlip_sample_csv.csproj", "{B4E9BB58-F594-4D52-AF04-D3B117147F8F}"
EndProject
Project("{FAE04EC0-301F-11D3-BF4B-00C04F79EFBC}") = "TruthInTheFlip_sample_report", "TruthInTheFlip_sample_report\TruthInTheFlip_sample_report.csproj", "{918708DE-D434-4F15-96BD-AE140D66EF46}"
EndProject
Project("{FAE04EC0-301F-11D3-BF4B-00C04F79EFBC}") = "TruthInTheFlip_sample_report2", "TruthInTheFlip_sample_report2\TruthInTheFlip_sample_report2.csproj", "{5B04B7BE-B8A5-4924-8CCB-6C89C2C86554}"
EndProject
Project("{FAE04EC0-301F-11D3-BF4B-00C04F79EFBC}") = "TruthInTheFlip_sample_report3", "TruthInTheFlip_sample_report3\TruthInTheFlip_sample_report3.csproj", "{F9D0A6D4-36C8-4716-9447-132A40F7F998}"
EndProject
Project("{FAE04EC0-301F-11D3-BF4B-00C04F79EFBC}") = "TruthInTheFlip_sample_test_quantis", "TruthInTheFlip_sample_test_quantis\TruthInTheFlip_sample_test_quantis.csproj", "{4CA1A303-5E30-46C8-A429-581521FA0E8D}"
EndProject
Project("{2150E333-8FDC-42A3-9474-1A3956D46DE8}") = "docs", "docs", "{FACAC898-46FE-41A0-AD16-BAF747536D70}"
	ProjectSection(SolutionItems) = preProject
		README.md = README.md
		LICENSE = LICENSE
		Farm.README.md = Farm.README.md
		AI_COLLABORATION.md = AI_COLLABORATION.md
	EndProjectSection
EndProject
Project("{FAE04EC0-301F-11D3-BF4B-00C04F79EFBC}") = "TruthInTheFlip_sample_report4", "TruthInTheFlip_sample_report4\TruthInTheFlip_sample_report4.csproj", "{ECAFEA7A-BFFA-43C5-8F8F-B9B54199C3C1}"
EndProject
Project("{FAE04EC0-301F-11D3-BF4B-00C04F79EFBC}") = "FluentCommandLine", "FluentCommandLine\FluentCommandLine.csproj", "{90D7CCCA-0DCD-4748-80CA-9744514A1C9C}"
EndProject
Project("{FAE04EC0-301F-11D3-BF4B-00C04F79EFBC}") = "JWCFarm", "JWCFarm\JWCFarm.csproj", "{1357A8FB-1294-4CD5-BD79-432BF15D3897}"
EndProject
Project("{FAE04EC0-301F-11D3-BF4B-00C04F79EFBC}") = "TruthInTheFlip.Farm.Format", "TruthInTheFlip.Farm.Format\TruthInTheFlip.Farm.Format.csproj", "{9A76DBBA-E84E-4D7C-9910-7B28BDD6C434}"
EndProject
Project("{FAE04EC0-301F-11D3-BF4B-00C04F79EFBC}") = "TruthInTheFlip.Farm.Tests", "TruthInTheFlip.Farm.Tests\TruthInTheFlip.Farm.Tests.csproj", "{1681AA0E-8D6A-4963-941F-40B3CBDA4FBB}"
EndProject
Project("{FAE04EC0-301F-11D3-BF4B-00C04F79EFBC}") = "TruthInTheFlip_Farm", "TruthInTheFlip_Farm\TruthInTheFlip_Farm.csproj", "{DC7D3C82-66D7-496A-A5FF-99D1647A07E5}"
EndProject
Project("{2150E333-8FDC-42A3-9474-1A3956D46DE8}") = "FarmDocs", "FarmDocs", "{5BAE90CA-8151-41FE-BDC1-5EA0BA95F639}"
	ProjectSection(SolutionItems) = preProject
		FarmDocs\FarmGuide.md = FarmDocs\FarmGuide.md
		FarmDocs\Metrics.md = FarmDocs\Metrics.md
		FarmDocs\PlottingWithPython.md = FarmDocs\PlottingWithPython.md
	EndProjectSection
EndProject
Project("{FAE04EC0-301F-11D3-BF4B-00C04F79EFBC}") = "TruthInTheFlip_Farm_Experimental", "TruthInTheFlip_Farm_Experimental\TruthInTheFlip_Farm_Experimental.csproj", "{F89CF425-0507-4B4E-B3BF-13036249BECA}"
EndProject
Global
	GlobalSection(SolutionConfigurationPlatforms) = preSolution
		Debug|Any CPU = Debug|Any CPU
		Debug|x64 = Debug|x64
		Debug|x86 = Debug|x86
		Release|Any CPU = Release|Any CPU
		Release|x64 = Release|x64
		Release|x86 = Release|x86
	EndGlobalSection
	GlobalSection(ProjectConfigurationPlatforms) = postSolution
		{F2BCA929-F388-456F-87DA-A80BEBD164EC}.Debug|Any CPU.ActiveCfg = Debug|Any CPU
		{F2BCA929-F388-456F-87DA-A80BEBD164EC}.Debug|Any CPU.Build.0 = Debug|Any CPU
		{F2BCA929-F388-456F-87DA-A80BEBD164EC}.Debug|x64.ActiveCfg = Debug|Any CPU
		{F2BCA929-F388-456F-87DA-A80BEBD164EC}.Debug|x64.Build.0 = Debug|Any CPU
		{F2BCA929-F388-456F-87DA-A80BEBD164EC}.Debug|x86.ActiveCfg = Debug|Any CPU
		{F2BCA929-F388-456F-87DA-A80BEBD164EC}.Debug|x86.Build.0 = Debug|Any CPU
		{F2BCA929-F388-456F-87DA-A80BEBD164EC}.Release|Any CPU.ActiveCfg = Release|Any CPU
		{F2BCA929-F388-456F-87DA-A80BEBD164EC}.Release|Any CPU.Build.0 = Release|Any CPU
		{F2BCA929-F388-456F-87DA-A80BEBD164EC}.Release|x64.ActiveCfg = Release|Any CPU
		{F2BCA929-F388-456F-87DA-A80BEBD164EC}.Release|x64.Build.0 = Release|Any CPU
		{F2BCA929-F388-456F-87DA-A80BEBD164EC}.Release|x86.ActiveCfg = Release|Any CPU
		{F2BCA929-F388-456F-87DA-A80BEBD164EC}.Release|x86.Build.0 = Release|Any CPU
		{4636C577-9261-4286-9B47-100D869E339B}.Debug|Any CPU.ActiveCfg = Debug|Any CPU
		{4636C577-9261-4286-9B47-100D869E339B}.Debug|Any CPU.Build.0 = Debug|Any CPU
		{4636C577-9261-4286-9B47-100D869E339B}.Debug|x64.ActiveCfg = Debug|Any CPU
		{4636C577-9261-4286-9B47-100D869E339B}.Debug|x64.Build.0 = Debug|Any CPU
		{4636C577-9261-4286-9B47-100D869E339B}.Debug|x86.ActiveCfg = Debug|Any CPU
		{4636C577-9261-4286-9B47-100D869E339B}.Debug|x86.Build.0 = Debug|Any CPU
		{4636C577-9261-4286-9B47-100D869E339B}.Release|Any CPU.ActiveCfg = Release|Any CPU
		{4636C577-9261-4286-9B47-100D869E339B}.Release|Any CPU.Build.0 = Release|Any CPU
		{4636C577-9261-4286-9B47-100D869E339B}.Release|x64.ActiveCfg = Release|Any CPU
		{4636C577-9261-4286-9B47-100D869E339B}.Release|x64.Build.0 = Release|Any CPU
		{4636C577-9261-4286-9B47-100D869E339B}.Release|x86.ActiveCfg = Release|Any CPU
		{4636C577-9261-4286-9B47-100D869E339B}.Release|x86.Build.0 = Release|Any CPU
		{B4E9BB58-F594-4D52-AF04-D3B117147F8F}.Debug|Any CPU.ActiveCfg = Debug|Any CPU
		{B4E9BB58-F594-4D52-AF04-D3B117147F8F}.Debug|Any CPU.Build.0 = Debug|Any CPU
		{B4E9BB58-F594-4D52-AF04-D3B117147F8F}.Debug|x64.ActiveCfg = Debug|Any CPU
		{B4E9BB58-F594-4D52-AF04-D3B117147F8F}.Debug|x64.Build.0 = Debug|Any CPU
		{B4E9BB58-F594-4D52-AF04-D3B117147F8F}.Debug|x86.ActiveCfg = Debug|Any CPU
		{B4E9BB58-F594-4D52-AF04-D3B117147F8F}.Debug|x86.Build.0 = Debug|Any CPU
		{B4E9BB58-F594-4D52-AF04-D3B117147F8F}.Release|Any CPU.ActiveCfg = Release|Any CPU
		{B4E9BB58-F594-4D52-AF04-D3B117147F8F}.Release|Any CPU.Build.0 = Release|Any CPU
		{B4E9BB58-F594-4D52-AF04-D3B117147F8F}.Release|x64.ActiveCfg = Release|Any CPU
		{B4E9BB58-F594-4D52-AF04-D3B117147F8F}.Release|x64.Build.0 = Release|Any CPU
		{B4E9BB58-F594-4D52-AF04-D3B117147F8F}.Release|x86.ActiveCfg = Release|Any CPU
		{B4E9BB58-F594-4D52-AF04-D3B117147F8F}.Release|x86.Build.0 = Release|Any CPU
		{918708DE-D434-4F15-96BD-AE140D66EF46}.Debug|Any CPU.ActiveCfg = Debug|Any CPU
		{918708DE-D434-4F15-96BD-AE140D66EF46}.Debug|Any CPU.Build.0 = Debug|Any CPU
		{918708DE-D434-4F15-96BD-AE140D66EF46}.Debug|x64.ActiveCfg = Debug|Any CPU
		{918708DE-D434-4F15-96BD-AE140D66EF46}.Debug|x64.Build.0 = Debug|Any CPU
		{918708DE-D434-4F15-96BD-AE140D66EF46}.Debug|x86.ActiveCfg = Debug|Any CPU
		{918708DE-D434-4F15-96BD-AE140D66EF46}.Debug|x86.Build.0 = Debug|Any CPU
		{918708DE-D434-4F15-96BD-AE140D66EF46}.Release|Any CPU.ActiveCfg = Release|Any CPU
		{918708DE-D434-4F15-96BD-AE140D66EF46}.Release|Any CPU.Build.0 = Release|Any CPU
		{918708DE-D434-4F15-96BD-AE140D66EF46}.Release|x64.ActiveCfg = Release|Any CPU
		{918708DE-D434-4F15-96BD-AE140D66EF46}.Release|x64.Build.0 = Release|Any CPU
		{918708DE-D434-4F15-96BD-AE140D66EF46}.Release|x86.ActiveCfg = Release|Any CPU
		{918708DE-D434-4F15-96BD-AE140D66EF46}.Release|x86.Build.0 = Release|Any CPU
		{5B04B7BE-B8A5-4924-8CCB-6C89C2C86554}.Debug|Any CPU.ActiveCfg = Debug|Any CPU
		{5B04B7BE-B8A5-4924-8CCB-6C89C2C86554}.Debug|Any CPU.Build.0 = Debug|Any CPU
		{5B04B7BE-B8A5-4924-8CCB-6C89C2C86554}.Debug|x64.ActiveCfg = Debug|Any CPU
		{5B04B7BE-B8A5-4924-8CCB-6C89C2C86554}.Debug|x64.Build.0 = Debug|Any CPU
		{5B04B7BE-B8A5-4924-8CCB-6C89C2C86554}.Debug|x86.ActiveCfg = Debug|Any CPU
		{5B04B7BE-B8A5-4924-8CCB-6C89C2C86554}.Debug|x86.Build.0 = Debug|Any CPU
		{5B04B7BE-B8A5-4924-8CCB-6C89C2C86554}.Release|Any CPU.ActiveCfg = Release|Any CPU
		{5B04B7BE-B8A5-4924-8CCB-6C89C2C86554}.Release|Any CPU.Build.0 = Release|Any CPU
		{5B04B7BE-B8A5-4924-8CCB-6C89C2C86554}.Release|x64.ActiveCfg = Release|Any CPU
		{5B04B7BE-B8A5-4924-8CCB-6C89C2C86554}.Release|x64.Build.0 = Release|Any CPU
		{5B04B7BE-B8A5-4924-8CCB-6C89C2C86554}.Release|x86.ActiveCfg = Release|Any CPU
		{5B04B7BE-B8A5-4924-8CCB-6C89C2C86554}.Release|x86.Build.0 = Release|Any CPU
		{F9D0A6D4-36C8-4716-9447-132A40F7F998}.Debug|Any CPU.ActiveCfg = Debug|Any CPU
		{F9D0A6D4-36C8-4716-9447-132A40F7F998}.Debug|Any CPU.Build.0 = Debug|Any CPU
		{F9D0A6D4-36C8-4716-9447-132A40F7F998}.Debug|x64.ActiveCfg = Debug|Any CPU
		{F9D0A6D4-36C8-4716-9447-132A40F7F998}.Debug|x64.Build.0 = Debug|Any CPU
		{F9D0A6D4-36C8-4716-9447-132A40F7F998}.Debug|x86.ActiveCfg = Debug|Any CPU
		{F9D0A6D4-36C8-4716-9447-132A40F7F998}.Debug|x86.Build.0 = Debug|Any CPU
		{F9D0A6D4-36C8-4716-9447-132A40F7F998}.Release|Any CPU.ActiveCfg = Release|Any CPU
		{F9D0A6D4-36C8-4716-9447-132A40F7F998}.Release|Any CPU.Build.0 = Release|Any CPU
		{F9D0A6D4-36C8-4716-9447-132A40F7F998}.Release|x64.ActiveCfg = Release|Any CPU
		{F9D0A6D4-36C8-4716-9447-132A40F7F998}.Release|x64.Build.0 = Release|Any CPU
		{F9D0A6D4-36C8-4716-9447-132A40F7F998}.Release|x86.ActiveCfg = Release|Any CPU
		{F9D0A6D4-36C8-4716-9447-132A40F7F998}.Release|x86.Build.0 = Release|Any CPU
		{4CA1A303-5E30-46C8-A429-581521FA0E8D}.Debug|Any CPU.ActiveCfg = Debug|Any CPU
		{4CA1A303-5E30-46C8-A429-581521FA0E8D}.Debug|Any CPU.Build.0 = Debug|Any CPU
		{4CA1A303-5E30-46C8-A429-581521FA0E8D}.Debug|x64.ActiveCfg = Debug|Any CPU
		{4CA1A303-5E30-46C8-A429-581521FA0E8D}.Debug|x64.Build.0 = Debug|Any CPU
		{4CA1A303-5E30-46C8-A429-581521FA0E8D}.Debug|x86.ActiveCfg = Debug|Any CPU
		{4CA1A303-5E30-46C8-A429-581521FA0E8D}.Debug|x86.Build.0 = Debug|Any CPU
		{4CA1A303-5E30-46C8-A429-581521FA0E8D}.Release|Any CPU.ActiveCfg = Release|Any CPU
		{4CA1A303-5E30-46C8-A429-581521FA0E8D}.Release|Any CPU.Build.0 = Release|Any CPU
		{4CA1A303-5E30-46C8-A429-581521FA0E8D}.Release|x64.ActiveCfg = Release|Any CPU
		{4CA1A303-5E30-46C8-A429-581521FA0E8D}.Release|x64.Build.0 = Release|Any CPU
		{4CA1A303-5E30-46C8-A429-581521FA0E8D}.Release|x86.ActiveCfg = Release|Any CPU
		{4CA1A303-5E30-46C8-A429-581521FA0E8D}.Release|x86.Build.0 = Release|Any CPU
		{ECAFEA7A-BFFA-43C5-8F8F-B9B54199C3C1}.Debug|Any CPU.ActiveCfg = Debug|Any CPU
		{ECAFEA7A-BFFA-43C5-8F8F-B9B54199C3C1}.Debug|Any CPU.Build.0 = Debug|Any CPU
		{ECAFEA7A-BFFA-43C5-8F8F-B9B54199C3C1}.Debug|x64.ActiveCfg = Debug|Any CPU
		{ECAFEA7A-BFFA-43C5-8F8F-B9B54199C3C1}.Debug|x64.Build.0 = Debug|Any CPU
		{ECAFEA7A-BFFA-43C5-8F8F-B9B54199C3C1}.Debug|x86.ActiveCfg = Debug|Any CPU
		{ECAFEA7A-BFFA-43C5-8F8F-B9B54199C3C1}.Debug|x86.Build.0 = Debug|Any CPU
		{ECAFEA7A-BFFA-43C5-8F8F-B9B54199C3C1}.Release|Any CPU.ActiveCfg = Release|Any CPU
		{ECAFEA7A-BFFA-43C5-8F8F-B9B54199C3C1}.Release|Any CPU.Build.0 = Release|Any CPU
		{ECAFEA7A-BFFA-43C5-8F8F-B9B54199C3C1}.Release|x64.ActiveCfg = Release|Any CPU
		{ECAFEA7A-BFFA-43C5-8F8F-B9B54199C3C1}.Release|x64.Build.0 = Release|Any CPU
		{ECAFEA7A-BFFA-43C5-8F8F-B9B54199C3C1}.Release|x86.ActiveCfg = Release|Any CPU
		{ECAFEA7A-BFFA-43C5-8F8F-B9B54199C3C1}.Release|x86.Build.0 = Release|Any CPU
		{90D7CCCA-0DCD-4748-80CA-9744514A1C9C}.Debug|Any CPU.ActiveCfg = Debug|Any CPU
		{90D7CCCA-0DCD-4748-80CA-9744514A1C9C}.Debug|Any CPU.Build.0 = Debug|Any CPU
		{90D7CCCA-0DCD-4748-80CA-9744514A1C9C}.Debug|x64.ActiveCfg = Debug|Any CPU
		{90D7CCCA-0DCD-4748-80CA-9744514A1C9C}.Debug|x64.Build.0 = Debug|Any CPU
		{90D7CCCA-0DCD-4748-80CA-9744514A1C9C}.Debug|x86.ActiveCfg = Debug|Any CPU
		{90D7CCCA-0DCD-4748-80CA-9744514A1C9C}.Debug|x86.Build.0 = Debug|Any CPU
		{90D7CCCA-0DCD-4748-80CA-9744514A1C9C}.Release|Any CPU.ActiveCfg = Release|Any CPU
		{90D7CCCA-0DCD-4748-80CA-9744514A1C9C}.Release|Any CPU.Build.0 = Release|Any CPU
		{90D7CCCA-0DCD-4748-80CA-9744514A1C9C}.Release|x64.ActiveCfg = Release|Any CPU
		{90D7CCCA-0DCD-4748-80CA-9744514A1C9C}.Release|x64.Build.0 = Release|Any CPU
		{90D7CCCA-0DCD-4748-80CA-9744514A1C9C}.Release|x86.ActiveCfg = Release|Any CPU
		{90D7CCCA-0DCD-4748-80CA-9744514A1C9C}.Release|x86.Build.0 = Release|Any CPU
		{1357A8FB-1294-4CD5-BD79-432BF15D3897}.Debug|Any CPU.ActiveCfg = Debug|Any CPU
		{1357A8FB-1294-4CD5-BD79-432BF15D3897}.Debug|Any CPU.Build.0 = Debug|Any CPU
		{1357A8FB-1294-4CD5-BD79-432BF15D3897}.Debug|x64.ActiveCfg = Debug|Any CPU
		{1357A8FB-1294-4CD5-BD79-432BF15D3897}.Debug|x64.Build.0 = Debug|Any CPU
		{1357A8FB-1294-4CD5-BD79-432BF15D3897}.Debug|x86.ActiveCfg = Debug|Any CPU
		{1357A8FB-1294-4CD5-BD79-432BF15D3897}.Debug|x86.Build.0 = Debug|Any CPU
		{1357A8FB-1294-4CD5-BD79-432BF15D3897}.Release|Any CPU.ActiveCfg = Release|Any CPU
		{1357A8FB-1294-4CD5-BD79-432BF15D3897}.Release|Any CPU.Build.0 = Release|Any CPU
		{1357A8FB-1294-4CD5-BD79-432BF15D3897}.Release|x64.ActiveCfg = Release|Any CPU
		{1357A8FB-1294-4CD5-BD79-432BF15D3897}.Release|x64.Build.0 = Release|Any CPU
		{1357A8FB-1294-4CD5-BD79-432BF15D3897}.Release|x86.ActiveCfg = Release|Any CPU
		{1357A8FB-1294-4CD5-BD79-432BF15D3897}.Release|x86.Build.0 = Release|Any CPU
		{9A76DBBA-E84E-4D7C-9910-7B28BDD6C434}.Debug|Any CPU.ActiveCfg = Debug|Any CPU
		{9A76DBBA-E84E-4D7C-9910-7B28BDD6C434}.Debug|Any CPU.Build.0 = Debug|Any CPU
		{9A76DBBA-E84E-4D7C-9910-7B28BDD6C434}.Debug|x64.ActiveCfg = Debug|Any CPU
		{9A76DBBA-E84E-4D7C-9910-7B28BDD6C434}.Debug|x64.Build.0 = Debug|Any CPU
		{9A76DBBA-E84E-4D7C-9910-7B28BDD6C434}.Debug|x86.ActiveCfg = Debug|Any CPU
		{9A76DBBA-E84E-4D7C-9910-7B28BDD6C434}.Debug|x86.Build.0 = Debug|Any CPU
		{9A76DBBA-E84E-4D7C-9910-7B28BDD6C434}.Release|Any CPU.ActiveCfg = Release|Any CPU
		{9A76DBBA-E84E-4D7C-9910-7B28BDD6C434}.Release|Any CPU.Build.0 = Release|Any CPU
		{9A76DBBA-E84E-4D7C-9910-7B28BDD6C434}.Release|x64.ActiveCfg = Release|Any CPU
		{9A76DBBA-E84E-4D7C-9910-7B28BDD6C434}.Release|x64.Build.0 = Release|Any CPU
		{9A76DBBA-E84E-4D7C-9910-7B28BDD6C434}.Release|x86.ActiveCfg = Release|Any CPU
		{9A76DBBA-E84E-4D7C-9910-7B28BDD6C434}.Release|x86.Build.0 = Release|Any CPU
		{1681AA0E-8D6A-4963-941F-40B3CBDA4FBB}.Debug|Any CPU.ActiveCfg = Debug|Any CPU
		{1681AA0E-8D6A-4963-941F-40B3CBDA4FBB}.Debug|Any CPU.Build.0 = Debug|Any CPU
		{1681AA0E-8D6A-4963-941F-40B3CBDA4FBB}.Debug|x64.ActiveCfg = Debug|Any CPU
		{1681AA0E-8D6A-4963-941F-40B3CBDA4FBB}.Debug|x64.Build.0 = Debug|Any CPU
		{1681AA0E-8D6A-4963-941F-40B3CBDA4FBB}.Debug|x86.ActiveCfg = Debug|Any CPU
		{1681AA0E-8D6A-4963-941F-40B3CBDA4FBB}.Debug|x86.Build.0 = Debug|Any CPU
		{1681AA0E-8D6A-4963-941F-40B3CBDA4FBB}.Release|Any CPU.ActiveCfg = Release|Any CPU
		{1681AA0E-8D6A-4963-941F-40B3CBDA4FBB}.Release|Any CPU.Build.0 = Release|Any CPU
		{1681AA0E-8D6A-4963-941F-40B3CBDA4FBB}.Release|x64.ActiveCfg = Release|Any CPU
		{1681AA0E-8D6A-4963-941F-40B3CBDA4FBB}.Release|x64.Build.0 = Release|Any CPU
		{1681AA0E-8D6A-4963-941F-40B3CBDA4FBB}.Release|x86.ActiveCfg = Release|Any CPU
		{1681AA0E-8D6A-4963-941F-40B3CBDA4FBB}.Release|x86.Build.0 = Release|Any CPU
		{DC7D3C82-66D7-496A-A5FF-99D1647A07E5}.Debug|Any CPU.ActiveCfg = Debug|Any CPU
		{DC7D3C82-66D7-496A-A5FF-99D1647A07E5}.Debug|Any CPU.Build.0 = Debug|Any CPU
		{DC7D3C82-66D7-496A-A5FF-99D1647A07E5}.Debug|x64.ActiveCfg = Debug|Any CPU
		{DC7D3C82-66D7-496A-A5FF-99D1647A07E5}.Debug|x64.Build.0 = Debug|Any CPU
		{DC7D3C82-66D7-496A-A5FF-99D1647A07E5}.Debug|x86.ActiveCfg = Debug|Any CPU
		{DC7D3C82-66D7-496A-A5FF-99D1647A07E5}.Debug|x86.Build.0 = Debug|Any CPU
		{DC7D3C82-66D7-496A-A5FF-99D1647A07E5}.Release|Any CPU.ActiveCfg = Release|Any CPU
		{DC7D3C82-66D7-496A-A5FF-99D1647A07E5}.Release|Any CPU.Build.0 = Release|Any CPU
		{DC7D3C82-66D7-496A-A5FF-99D1647A07E5}.Release|x64.ActiveCfg = Release|Any CPU
		{DC7D3C82-66D7-496A-A5FF-99D1647A07E5}.Release|x64.Build.0 = Release|Any CPU
		{DC7D3C82-66D7-496A-A5FF-99D1647A07E5}.Release|x86.ActiveCfg = Release|Any CPU
		{DC7D3C82-66D7-496A-A5FF-99D1647A07E5}.Release|x86.Build.0 = Release|Any CPU
		{F89CF425-0507-4B4E-B3BF-13036249BECA}.Debug|Any CPU.ActiveCfg = Debug|Any CPU
		{F89CF425-0507-4B4E-B3BF-13036249BECA}.Debug|Any CPU.Build.0 = Debug|Any CPU
		{F89CF425-0507-4B4E-B3BF-13036249BECA}.Debug|x64.ActiveCfg = Debug|Any CPU
		{F89CF425-0507-4B4E-B3BF-13036249BECA}.Debug|x64.Build.0 = Debug|Any CPU
		{F89CF425-0507-4B4E-B3BF-13036249BECA}.Debug|x86.ActiveCfg = Debug|Any CPU
		{F89CF425-0507-4B4E-B3BF-13036249BECA}.Debug|x86.Build.0 = Debug|Any CPU
		{F89CF425-0507-4B4E-B3BF-13036249BECA}.Release|Any CPU.ActiveCfg = Release|Any CPU
		{F89CF425-0507-4B4E-B3BF-13036249BECA}.Release|Any CPU.Build.0 = Release|Any CPU
		{F89CF425-0507-4B4E-B3BF-13036249BECA}.Release|x64.ActiveCfg = Release|Any CPU
		{F89CF425-0507-4B4E-B3BF-13036249BECA}.Release|x64.Build.0 = Release|Any CPU
		{F89CF425-0507-4B4E-B3BF-13036249BECA}.Release|x86.ActiveCfg = Release|Any CPU
		{F89CF425-0507-4B4E-B3BF-13036249BECA}.Release|x86.Build.0 = Release|Any CPU
	EndGlobalSection
	GlobalSection(NestedProjects) = preSolution
		{5BAE90CA-8151-41FE-BDC1-5EA0BA95F639} = {FACAC898-46FE-41A0-AD16-BAF747536D70}
	EndGlobalSection
EndGlobal
